// !$*UTF8*$!
{
	archiveVersion = 1;
	classes = {
	};
	objectVersion = 46;
	objects = {

/* Begin PBXBuildFile section */
		DA49CCF21F993F6B61A8CCAF /* Pods_myfxmemo.framework in Frameworks */ = {isa = PBXBuildFile; fileRef = 327EE4C69840BF2A99455A54 /* Pods_myfxmemo.framework */; };
		DAD5295E1F4D4E85003797B4 /* AppDelegate.swift in Sources */ = {isa = PBXBuildFile; fileRef = DAD5295D1F4D4E85003797B4 /* AppDelegate.swift */; };
		DAD529601F4D4E85003797B4 /* ViewController.swift in Sources */ = {isa = PBXBuildFile; fileRef = DAD5295F1F4D4E85003797B4 /* ViewController.swift */; };
		DAD529631F4D4E85003797B4 /* Main.storyboard in Resources */ = {isa = PBXBuildFile; fileRef = DAD529611F4D4E85003797B4 /* Main.storyboard */; };
		DAD529661F4D4E85003797B4 /* myfxmemo.xcdatamodeld in Sources */ = {isa = PBXBuildFile; fileRef = DAD529641F4D4E85003797B4 /* myfxmemo.xcdatamodeld */; };
		DAD529681F4D4E85003797B4 /* Assets.xcassets in Resources */ = {isa = PBXBuildFile; fileRef = DAD529671F4D4E85003797B4 /* Assets.xcassets */; };
		DAD5296B1F4D4E85003797B4 /* LaunchScreen.storyboard in Resources */ = {isa = PBXBuildFile; fileRef = DAD529691F4D4E85003797B4 /* LaunchScreen.storyboard */; };
/* End PBXBuildFile section */

/* Begin PBXFileReference section */
		15F82FBF99B5D53CB272BBD5 /* Pods-myfxmemo.debug.xcconfig */ = {isa = PBXFileReference; includeInIndex = 1; lastKnownFileType = text.xcconfig; name = "Pods-myfxmemo.debug.xcconfig"; path = "Pods/Target Support Files/Pods-myfxmemo/Pods-myfxmemo.debug.xcconfig"; sourceTree = "<group>"; };
		327EE4C69840BF2A99455A54 /* Pods_myfxmemo.framework */ = {isa = PBXFileReference; explicitFileType = wrapper.framework; includeInIndex = 0; path = Pods_myfxmemo.framework; sourceTree = BUILT_PRODUCTS_DIR; };
		615D644DBBB967A7848BA212 /* Pods-myfxmemo.release.xcconfig */ = {isa = PBXFileReference; includeInIndex = 1; lastKnownFileType = text.xcconfig; name = "Pods-myfxmemo.release.xcconfig"; path = "Pods/Target Support Files/Pods-myfxmemo/Pods-myfxmemo.release.xcconfig"; sourceTree = "<group>"; };
		DAD5295A1F4D4E85003797B4 /* myfxmemo.app */ = {isa = PBXFileReference; explicitFileType = wrapper.application; includeInIndex = 0; path = myfxmemo.app; sourceTree = BUILT_PRODUCTS_DIR; };
		DAD5295D1F4D4E85003797B4 /* AppDelegate.swift */ = {isa = PBXFileReference; lastKnownFileType = sourcecode.swift; path = AppDelegate.swift; sourceTree = "<group>"; };
		DAD5295F1F4D4E85003797B4 /* ViewController.swift */ = {isa = PBXFileReference; lastKnownFileType = sourcecode.swift; path = ViewController.swift; sourceTree = "<group>"; };
		DAD529621F4D4E85003797B4 /* Base */ = {isa = PBXFileReference; lastKnownFileType = file.storyboard; name = Base; path = Base.lproj/Main.storyboard; sourceTree = "<group>"; };
		DAD529651F4D4E85003797B4 /* myfxmemo.xcdatamodel */ = {isa = PBXFileReference; lastKnownFileType = wrapper.xcdatamodel; path = myfxmemo.xcdatamodel; sourceTree = "<group>"; };
		DAD529671F4D4E85003797B4 /* Assets.xcassets */ = {isa = PBXFileReference; lastKnownFileType = folder.assetcatalog; path = Assets.xcassets; sourceTree = "<group>"; };
		DAD5296A1F4D4E85003797B4 /* Base */ = {isa = PBXFileReference; lastKnownFileType = file.storyboard; name = Base; path = Base.lproj/LaunchScreen.storyboard; sourceTree = "<group>"; };
		DAD5296C1F4D4E85003797B4 /* Info.plist */ = {isa = PBXFileReference; lastKnownFileType = text.plist.xml; path = Info.plist; sourceTree = "<group>"; };
/* End PBXFileReference section */

/* Begin PBXFrameworksBuildPhase section */
		DAD529571F4D4E85003797B4 /* Frameworks */ = {
			isa = PBXFrameworksBuildPhase;
			buildActionMask = 2147483647;
			files = (
				DA49CCF21F993F6B61A8CCAF /* Pods_myfxmemo.framework in Frameworks */,
			);
			runOnlyForDeploymentPostprocessing = 0;
		};
/* End PBXFrameworksBuildPhase section */

/* Begin PBXGroup section */
		638AF551E1B57E08C311C3C4 /* Pods */ = {
			isa = PBXGroup;
			children = (
				15F82FBF99B5D53CB272BBD5 /* Pods-myfxmemo.debug.xcconfig */,
				615D644DBBB967A7848BA212 /* Pods-myfxmemo.release.xcconfig */,
			);
			name = Pods;
			sourceTree = "<group>";
		};
		644FC42A3EA24225B3B3749B /* Frameworks */ = {
			isa = PBXGroup;
			children = (
				327EE4C69840BF2A99455A54 /* Pods_myfxmemo.framework */,
			);
			name = Frameworks;
			sourceTree = "<group>";
		};
		DAD529511F4D4E85003797B4 = {
			isa = PBXGroup;
			children = (
				DAD5295C1F4D4E85003797B4 /* myfxmemo */,
				DAD5295B1F4D4E85003797B4 /* Products */,
				638AF551E1B57E08C311C3C4 /* Pods */,
				644FC42A3EA24225B3B3749B /* Frameworks */,
			);
			sourceTree = "<group>";
		};
		DAD5295B1F4D4E85003797B4 /* Products */ = {
			isa = PBXGroup;
			children = (
				DAD5295A1F4D4E85003797B4 /* myfxmemo.app */,
			);
			name = Products;
			sourceTree = "<group>";
		};
		DAD5295C1F4D4E85003797B4 /* myfxmemo */ = {
			isa = PBXGroup;
			children = (
				DAD5295D1F4D4E85003797B4 /* AppDelegate.swift */,
				DAD5295F1F4D4E85003797B4 /* ViewController.swift */,
				DAD529611F4D4E85003797B4 /* Main.storyboard */,
				DAD529671F4D4E85003797B4 /* Assets.xcassets */,
				DAD529691F4D4E85003797B4 /* LaunchScreen.storyboard */,
				DAD5296C1F4D4E85003797B4 /* Info.plist */,
				DAD529641F4D4E85003797B4 /* myfxmemo.xcdatamodeld */,
			);
			path = myfxmemo;
			sourceTree = "<group>";
		};
/* End PBXGroup section */

/* Begin PBXNativeTarget section */
		DAD529591F4D4E85003797B4 /* myfxmemo */ = {
			isa = PBXNativeTarget;
			buildConfigurationList = DAD5296F1F4D4E85003797B4 /* Build configuration list for PBXNativeTarget "myfxmemo" */;
			buildPhases = (
				A1FB31420B8D100F98A7A4FB /* [CP] Check Pods Manifest.lock */,
				DAD529561F4D4E85003797B4 /* Sources */,
				DAD529571F4D4E85003797B4 /* Frameworks */,
				DAD529581F4D4E85003797B4 /* Resources */,
				4AD8901344B88B5D443A8E59 /* [CP] Embed Pods Frameworks */,
				C015670AE1824F8945A6195B /* [CP] Copy Pods Resources */,
			);
			buildRules = (
			);
			dependencies = (
			);
			name = myfxmemo;
			productName = myfxmemo;
			productReference = DAD5295A1F4D4E85003797B4 /* myfxmemo.app */;
			productType = "com.apple.product-type.application";
		};
/* End PBXNativeTarget section */

/* Begin PBXProject section */
		DAD529521F4D4E85003797B4 /* Project object */ = {
			isa = PBXProject;
			attributes = {
				LastSwiftUpdateCheck = 0830;
				LastUpgradeCheck = 0830;
				ORGANIZATIONNAME = osanai;
				TargetAttributes = {
					DAD529591F4D4E85003797B4 = {
						CreatedOnToolsVersion = 8.3.1;
						DevelopmentTeam = U7MW83A3B2;
						ProvisioningStyle = Automatic;
					};
				};
			};
			buildConfigurationList = DAD529551F4D4E85003797B4 /* Build configuration list for PBXProject "myfxmemo" */;
			compatibilityVersion = "Xcode 3.2";
			developmentRegion = English;
			hasScannedForEncodings = 0;
			knownRegions = (
				en,
				Base,
			);
			mainGroup = DAD529511F4D4E85003797B4;
			productRefGroup = DAD5295B1F4D4E85003797B4 /* Products */;
			projectDirPath = "";
			projectRoot = "";
			targets = (
				DAD529591F4D4E85003797B4 /* myfxmemo */,
			);
		};
/* End PBXProject section */

/* Begin PBXResourcesBuildPhase section */
		DAD529581F4D4E85003797B4 /* Resources */ = {
			isa = PBXResourcesBuildPhase;
			buildActionMask = 2147483647;
			files = (
				DAD5296B1F4D4E85003797B4 /* LaunchScreen.storyboard in Resources */,
				DAD529681F4D4E85003797B4 /* Assets.xcassets in Resources */,
				DAD529631F4D4E85003797B4 /* Main.storyboard in Resources */,
			);
			runOnlyForDeploymentPostprocessing = 0;
		};
/* End PBXResourcesBuildPhase section */

/* Begin PBXShellScriptBuildPhase section */
		4AD8901344B88B5D443A8E59 /* [CP] Embed Pods Frameworks */ = {
			isa = PBXShellScriptBuildPhase;
			buildActionMask = 2147483647;
			files = (
			);
			inputPaths = (
			);
			name = "[CP] Embed Pods Frameworks";
			outputPaths = (
			);
			runOnlyForDeploymentPostprocessing = 0;
			shellPath = /bin/sh;
			shellScript = "\"${SRCROOT}/Pods/Target Support Files/Pods-myfxmemo/Pods-myfxmemo-frameworks.sh\"\n";
			showEnvVarsInLog = 0;
		};
		A1FB31420B8D100F98A7A4FB /* [CP] Check Pods Manifest.lock */ = {
			isa = PBXShellScriptBuildPhase;
			buildActionMask = 2147483647;
			files = (
			);
			inputPaths = (
			);
			name = "[CP] Check Pods Manifest.lock";
			outputPaths = (
			);
			runOnlyForDeploymentPostprocessing = 0;
			shellPath = /bin/sh;
			shellScript = "diff \"${PODS_PODFILE_DIR_PATH}/Podfile.lock\" \"${PODS_ROOT}/Manifest.lock\" > /dev/null\nif [ $? != 0 ] ; then\n    # print error to STDERR\n    echo \"error: The sandbox is not in sync with the Podfile.lock. Run 'pod install' or update your CocoaPods installation.\" >&2\n    exit 1\nfi\n";
			showEnvVarsInLog = 0;
		};
		C015670AE1824F8945A6195B /* [CP] Copy Pods Resources */ = {
			isa = PBXShellScriptBuildPhase;
			buildActionMask = 2147483647;
			files = (
			);
			inputPaths = (
			);
			name = "[CP] Copy Pods Resources";
			outputPaths = (
			);
			runOnlyForDeploymentPostprocessing = 0;
			shellPath = /bin/sh;
			shellScript = "\"${SRCROOT}/Pods/Target Support Files/Pods-myfxmemo/Pods-myfxmemo-resources.sh\"\n";
			showEnvVarsInLog = 0;
		};
/* End PBXShellScriptBuildPhase section */

/* Begin PBXSourcesBuildPhase section */
		DAD529561F4D4E85003797B4 /* Sources */ = {
			isa = PBXSourcesBuildPhase;
			buildActionMask = 2147483647;
			files = (
				DAD529601F4D4E85003797B4 /* ViewController.swift in Sources */,
				DAD5295E1F4D4E85003797B4 /* AppDelegate.swift in Sources */,
				DAD529661F4D4E85003797B4 /* myfxmemo.xcdatamodeld in Sources */,
			);
			runOnlyForDeploymentPostprocessing = 0;
		};
/* End PBXSourcesBuildPhase section */

/* Begin PBXVariantGroup section */
		DAD529611F4D4E85003797B4 /* Main.storyboard */ = {
			isa = PBXVariantGroup;
			children = (
				DAD529621F4D4E85003797B4 /* Base */,
			);
			name = Main.storyboard;
			sourceTree = "<group>";
		};
		DAD529691F4D4E85003797B4 /* LaunchScreen.storyboard */ = {
			isa = PBXVariantGroup;
			children = (
				DAD5296A1F4D4E85003797B4 /* Base */,
			);
			name = LaunchScreen.storyboard;
			sourceTree = "<group>";
		};
/* End PBXVariantGroup section */

/* Begin XCBuildConfiguration section */
		DAD5296D1F4D4E85003797B4 /* Debug */ = {
			isa = XCBuildConfiguration;
			buildSettings = {
				ALWAYS_SEARCH_USER_PATHS = NO;
				CLANG_ANALYZER_NONNULL = YES;
				CLANG_ANALYZER_NUMBER_OBJECT_CONVERSION = YES_AGGRESSIVE;
				CLANG_CXX_LANGUAGE_STANDARD = "gnu++0x";
				CLANG_CXX_LIBRARY = "libc++";
				CLANG_ENABLE_MODULES = YES;
				CLANG_ENABLE_OBJC_ARC = YES;
				CLANG_WARN_BOOL_CONVERSION = YES;
				CLANG_WARN_CONSTANT_CONVERSION = YES;
				CLANG_WARN_DIRECT_OBJC_ISA_USAGE = YES_ERROR;
				CLANG_WARN_DOCUMENTATION_COMMENTS = YES;
				CLANG_WARN_EMPTY_BODY = YES;
				CLANG_WARN_ENUM_CONVERSION = YES;
				CLANG_WARN_INFINITE_RECURSION = YES;
				CLANG_WARN_INT_CONVERSION = YES;
				CLANG_WARN_OBJC_ROOT_CLASS = YES_ERROR;
				CLANG_WARN_SUSPICIOUS_MOVE = YES;
				CLANG_WARN_UNREACHABLE_CODE = YES;
				CLANG_WARN__DUPLICATE_METHOD_MATCH = YES;
				"CODE_SIGN_IDENTITY[sdk=iphoneos*]" = "iPhone Developer";
				COPY_PHASE_STRIP = NO;
				DEBUG_INFORMATION_FORMAT = dwarf;
				ENABLE_STRICT_OBJC_MSGSEND = YES;
				ENABLE_TESTABILITY = YES;
				GCC_C_LANGUAGE_STANDARD = gnu99;
				GCC_DYNAMIC_NO_PIC = NO;
				GCC_NO_COMMON_BLOCKS = YES;
				GCC_OPTIMIZATION_LEVEL = 0;
				GCC_PREPROCESSOR_DEFINITIONS = (
					"DEBUG=1",
					"$(inherited)",
				);
				GCC_WARN_64_TO_32_BIT_CONVERSION = YES;
				GCC_WARN_ABOUT_RETURN_TYPE = YES_ERROR;
				GCC_WARN_UNDECLARED_SELECTOR = YES;
				GCC_WARN_UNINITIALIZED_AUTOS = YES_AGGRESSIVE;
				GCC_WARN_UNUSED_FUNCTION = YES;
				GCC_WARN_UNUSED_VARIABLE = YES;
				IPHONEOS_DEPLOYMENT_TARGET = 10.3;
				MTL_ENABLE_DEBUG_INFO = YES;
				ONLY_ACTIVE_ARCH = YES;
				SDKROOT = iphoneos;
				SWIFT_ACTIVE_COMPILATION_CONDITIONS = DEBUG;
				SWIFT_OPTIMIZATION_LEVEL = "-Onone";
			};
			name = Debug;
		};
		DAD5296E1F4D4E85003797B4 /* Release */ = {
			isa = XCBuildConfiguration;
			buildSettings = {
				ALWAYS_SEARCH_USER_PATHS = NO;
				CLANG_ANALYZER_NONNULL = YES;
				CLANG_ANALYZER_NUMBER_OBJECT_CONVERSION = YES_AGGRESSIVE;
				CLANG_CXX_LANGUAGE_STANDARD = "gnu++0x";
				CLANG_CXX_LIBRARY = "libc++";
				CLANG_ENABLE_MODULES = YES;
				CLANG_ENABLE_OBJC_ARC = YES;
				CLANG_WARN_BOOL_CONVERSION = YES;
				CLANG_WARN_CONSTANT_CONVERSION = YES;
				CLANG_WARN_DIRECT_OBJC_ISA_USAGE = YES_ERROR;
				CLANG_WARN_DOCUMENTATION_COMMENTS = YES;
				CLANG_WARN_EMPTY_BODY = YES;
				CLANG_WARN_ENUM_CONVERSION = YES;
				CLANG_WARN_INFINITE_RECURSION = YES;
				CLANG_WARN_INT_CONVERSION = YES;
				CLANG_WARN_OBJC_ROOT_CLASS = YES_ERROR;
				CLANG_WARN_SUSPICIOUS_MOVE = YES;
				CLANG_WARN_UNREACHABLE_CODE = YES;
				CLANG_WARN__DUPLICATE_METHOD_MATCH = YES;
				"CODE_SIGN_IDENTITY[sdk=iphoneos*]" = "iPhone Developer";
				COPY_PHASE_STRIP = NO;
				DEBUG_INFORMATION_FORMAT = "dwarf-with-dsym";
				ENABLE_NS_ASSERTIONS = NO;
				ENABLE_STRICT_OBJC_MSGSEND = YES;
				GCC_C_LANGUAGE_STANDARD = gnu99;
				GCC_NO_COMMON_BLOCKS = YES;
				GCC_WARN_64_TO_32_BIT_CONVERSION = YES;
				GCC_WARN_ABOUT_RETURN_TYPE = YES_ERROR;
				GCC_WARN_UNDECLARED_SELECTOR = YES;
				GCC_WARN_UNINITIALIZED_AUTOS = YES_AGGRESSIVE;
				GCC_WARN_UNUSED_FUNCTION = YES;
				GCC_WARN_UNUSED_VARIABLE = YES;
				IPHONEOS_DEPLOYMENT_TARGET = 10.3;
				MTL_ENABLE_DEBUG_INFO = NO;
				SDKROOT = iphoneos;
				SWIFT_OPTIMIZATION_LEVEL = "-Owholemodule";
				VALIDATE_PRODUCT = YES;
			};
			name = Release;
		};
		DAD529701F4D4E85003797B4 /* Debug */ = {
			isa = XCBuildConfiguration;
			baseConfigurationReference = 15F82FBF99B5D53CB272BBD5 /* Pods-myfxmemo.debug.xcconfig */;
			buildSettings = {
				ASSETCATALOG_COMPILER_APPICON_NAME = AppIcon;
				DEVELOPMENT_TEAM = U7MW83A3B2;
				INFOPLIST_FILE = myfxmemo/Info.plist;
				LD_RUNPATH_SEARCH_PATHS = "$(inherited) @executable_path/Frameworks";
				PRODUCT_BUNDLE_IDENTIFIER = osanai.myfxmemo;
				PRODUCT_NAME = "$(TARGET_NAME)";
				SWIFT_VERSION = 3.0;
			};
			name = Debug;
		};
		DAD529711F4D4E85003797B4 /* Release */ = {
			isa = XCBuildConfiguration;
			baseConfigurationReference = 615D644DBBB967A7848BA212 /* Pods-myfxmemo.release.xcconfig */;
			buildSettings = {
				ASSETCATALOG_COMPILER_APPICON_NAME = AppIcon;
				DEVELOPMENT_TEAM = U7MW83A3B2;
				INFOPLIST_FILE = myfxmemo/Info.plist;
				LD_RUNPATH_SEARCH_PATHS = "$(inherited) @executable_path/Frameworks";
				PRODUCT_BUNDLE_IDENTIFIER = osanai.myfxmemo;
				PRODUCT_NAME = "$(TARGET_NAME)";
				SWIFT_VERSION = 3.0;
			};
			name = Release;
		};
/* End XCBuildConfiguration section */

/* Begin XCConfigurationList section */
		DAD529551F4D4E85003797B4 /* Build configuration list for PBXProject "myfxmemo" */ = {
			isa = XCConfigurationList;
			buildConfigurations = (
				DAD5296D1F4D4E85003797B4 /* Debug */,
				DAD5296E1F4D4E85003797B4 /* Release */,
			);
			defaultConfigurationIsVisible = 0;
			defaultConfigurationName = Release;
		};
		DAD5296F1F4D4E85003797B4 /* Build configuration list for PBXNativeTarget "myfxmemo" */ = {
			isa = XCConfigurationList;
			buildConfigurations = (
				DAD529701F4D4E85003797B4 /* Debug */,
				DAD529711F4D4E85003797B4 /* Release */,
			);
			defaultConfigurationIsVisible = 0;
		};
/* End XCConfigurationList section */

/* Begin XCVersionGroup section */
		DAD529641F4D4E85003797B4 /* myfxmemo.xcdatamodeld */ = {
			isa = XCVersionGroup;
			children = (
				DAD529651F4D4E85003797B4 /* myfxmemo.xcdatamodel */,
			);
			currentVersion = DAD529651F4D4E85003797B4 /* myfxmemo.xcdatamodel */;
			path = myfxmemo.xcdatamodeld;
			sourceTree = "<group>";
			versionGroupType = wrapper.xcdatamodel;
		};
/* End XCVersionGroup section */
	};
	rootObject = DAD529521F4D4E85003797B4 /* Project object */;
}
